// !$*UTF8*$!
{
	archiveVersion = 1;
	classes = {
	};
	objectVersion = 56;
	objects = {

/* Begin PBXBuildFile section */
		E504AAB72BF2C0630020C726 /* rte7App.swift in Sources */ = {isa = PBXBuildFile; fileRef = E504AAB62BF2C0630020C726 /* rte7App.swift */; };
		E504AAB92BF2C0630020C726 /* ContentView.swift in Sources */ = {isa = PBXBuildFile; fileRef = E504AAB82BF2C0630020C726 /* ContentView.swift */; };
		E504AABB2BF2C0650020C726 /* Assets.xcassets in Resources */ = {isa = PBXBuildFile; fileRef = E504AABA2BF2C0650020C726 /* Assets.xcassets */; };
		E504AABE2BF2C0650020C726 /* Preview Assets.xcassets in Resources */ = {isa = PBXBuildFile; fileRef = E504AABD2BF2C0650020C726 /* Preview Assets.xcassets */; };
		E504AAC92BF2C0660020C726 /* rte7Tests.swift in Sources */ = {isa = PBXBuildFile; fileRef = E504AAC82BF2C0660020C726 /* rte7Tests.swift */; };
		E504AAD32BF2C0660020C726 /* rte7UITests.swift in Sources */ = {isa = PBXBuildFile; fileRef = E504AAD22BF2C0660020C726 /* rte7UITests.swift */; };
		E504AAD52BF2C0660020C726 /* rte7UITestsLaunchTests.swift in Sources */ = {isa = PBXBuildFile; fileRef = E504AAD42BF2C0660020C726 /* rte7UITestsLaunchTests.swift */; };
		E53596152C0F9CAE002CEC50 /* GlobalEventMonitor.swift in Sources */ = {isa = PBXBuildFile; fileRef = E53596142C0F9CAE002CEC50 /* GlobalEventMonitor.swift */; };
		E54F4F232C2B8884004D3740 /* Logger.swift in Sources */ = {isa = PBXBuildFile; fileRef = E54F4F222C2B8884004D3740 /* Logger.swift */; };
		E54F4F252C2CCAB4004D3740 /* WindowController.swift in Sources */ = {isa = PBXBuildFile; fileRef = E54F4F242C2CCAB4004D3740 /* WindowController.swift */; };
		E55A44CD2C7CF8E100BC3A3F /* BreakWindow.swift in Sources */ = {isa = PBXBuildFile; fileRef = E55A44CC2C7CF8E100BC3A3F /* BreakWindow.swift */; };
		E57365352C75D22E00409559 /* RESTAPIClient.swift in Sources */ = {isa = PBXBuildFile; fileRef = E57365342C75D22E00409559 /* RESTAPIClient.swift */; };
		E581F7392C7FBC1F00531FDA /* QuoteViewModel.swift in Sources */ = {isa = PBXBuildFile; fileRef = E581F7382C7FBC1F00531FDA /* QuoteViewModel.swift */; };
		E5CAB0272C13B8AB00622591 /* Break.swift in Sources */ = {isa = PBXBuildFile; fileRef = E5CAB0262C13B8AB00622591 /* Break.swift */; };
		E5CAB0292C1B6A6E00622591 /* CountDownTimer.swift in Sources */ = {isa = PBXBuildFile; fileRef = E5CAB0282C1B6A6E00622591 /* CountDownTimer.swift */; };
		E5CAB02B2C1B780600622591 /* MyDelegate.swift in Sources */ = {isa = PBXBuildFile; fileRef = E5CAB02A2C1B780600622591 /* MyDelegate.swift */; };
/* End PBXBuildFile section */

/* Begin PBXContainerItemProxy section */
		E504AAC52BF2C0660020C726 /* PBXContainerItemProxy */ = {
			isa = PBXContainerItemProxy;
			containerPortal = E504AAAB2BF2C0630020C726 /* Project object */;
			proxyType = 1;
			remoteGlobalIDString = E504AAB22BF2C0630020C726;
			remoteInfo = rte7;
		};
		E504AACF2BF2C0660020C726 /* PBXContainerItemProxy */ = {
			isa = PBXContainerItemProxy;
			containerPortal = E504AAAB2BF2C0630020C726 /* Project object */;
			proxyType = 1;
			remoteGlobalIDString = E504AAB22BF2C0630020C726;
			remoteInfo = rte7;
		};
/* End PBXContainerItemProxy section */

/* Begin PBXFileReference section */
		E504AAB32BF2C0630020C726 /* KitKat.app */ = {isa = PBXFileReference; explicitFileType = wrapper.application; includeInIndex = 0; path = KitKat.app; sourceTree = BUILT_PRODUCTS_DIR; };
		E504AAB62BF2C0630020C726 /* rte7App.swift */ = {isa = PBXFileReference; lastKnownFileType = sourcecode.swift; path = rte7App.swift; sourceTree = "<group>"; };
		E504AAB82BF2C0630020C726 /* ContentView.swift */ = {isa = PBXFileReference; lastKnownFileType = sourcecode.swift; path = ContentView.swift; sourceTree = "<group>"; };
		E504AABA2BF2C0650020C726 /* Assets.xcassets */ = {isa = PBXFileReference; lastKnownFileType = folder.assetcatalog; path = Assets.xcassets; sourceTree = "<group>"; };
		E504AABD2BF2C0650020C726 /* Preview Assets.xcassets */ = {isa = PBXFileReference; lastKnownFileType = folder.assetcatalog; path = "Preview Assets.xcassets"; sourceTree = "<group>"; };
		E504AABF2BF2C0650020C726 /* rte7.entitlements */ = {isa = PBXFileReference; lastKnownFileType = text.plist.entitlements; path = rte7.entitlements; sourceTree = "<group>"; };
		E504AAC42BF2C0660020C726 /* rte7Tests.xctest */ = {isa = PBXFileReference; explicitFileType = wrapper.cfbundle; includeInIndex = 0; path = rte7Tests.xctest; sourceTree = BUILT_PRODUCTS_DIR; };
		E504AAC82BF2C0660020C726 /* rte7Tests.swift */ = {isa = PBXFileReference; lastKnownFileType = sourcecode.swift; path = rte7Tests.swift; sourceTree = "<group>"; };
		E504AACE2BF2C0660020C726 /* rte7UITests.xctest */ = {isa = PBXFileReference; explicitFileType = wrapper.cfbundle; includeInIndex = 0; path = rte7UITests.xctest; sourceTree = BUILT_PRODUCTS_DIR; };
		E504AAD22BF2C0660020C726 /* rte7UITests.swift */ = {isa = PBXFileReference; lastKnownFileType = sourcecode.swift; path = rte7UITests.swift; sourceTree = "<group>"; };
		E504AAD42BF2C0660020C726 /* rte7UITestsLaunchTests.swift */ = {isa = PBXFileReference; lastKnownFileType = sourcecode.swift; path = rte7UITestsLaunchTests.swift; sourceTree = "<group>"; };
		E53596142C0F9CAE002CEC50 /* GlobalEventMonitor.swift */ = {isa = PBXFileReference; lastKnownFileType = sourcecode.swift; path = GlobalEventMonitor.swift; sourceTree = "<group>"; };
		E54F4F222C2B8884004D3740 /* Logger.swift */ = {isa = PBXFileReference; lastKnownFileType = sourcecode.swift; path = Logger.swift; sourceTree = "<group>"; };
		E54F4F242C2CCAB4004D3740 /* WindowController.swift */ = {isa = PBXFileReference; lastKnownFileType = sourcecode.swift; path = WindowController.swift; sourceTree = "<group>"; };
		E55A44CC2C7CF8E100BC3A3F /* BreakWindow.swift */ = {isa = PBXFileReference; lastKnownFileType = sourcecode.swift; path = BreakWindow.swift; sourceTree = "<group>"; };
		E57365342C75D22E00409559 /* RESTAPIClient.swift */ = {isa = PBXFileReference; lastKnownFileType = sourcecode.swift; path = RESTAPIClient.swift; sourceTree = "<group>"; };
		E581F7382C7FBC1F00531FDA /* QuoteViewModel.swift */ = {isa = PBXFileReference; lastKnownFileType = sourcecode.swift; path = QuoteViewModel.swift; sourceTree = "<group>"; };
		E5CAB0262C13B8AB00622591 /* Break.swift */ = {isa = PBXFileReference; fileEncoding = 4; lastKnownFileType = sourcecode.swift; path = Break.swift; sourceTree = "<group>"; };
		E5CAB0282C1B6A6E00622591 /* CountDownTimer.swift */ = {isa = PBXFileReference; lastKnownFileType = sourcecode.swift; path = CountDownTimer.swift; sourceTree = "<group>"; };
		E5CAB02A2C1B780600622591 /* MyDelegate.swift */ = {isa = PBXFileReference; lastKnownFileType = sourcecode.swift; path = MyDelegate.swift; sourceTree = "<group>"; };
/* End PBXFileReference section */

/* Begin PBXFrameworksBuildPhase section */
		E504AAB02BF2C0630020C726 /* Frameworks */ = {
			isa = PBXFrameworksBuildPhase;
			buildActionMask = 2147483647;
			files = (
			);
			runOnlyForDeploymentPostprocessing = 0;
		};
		E504AAC12BF2C0660020C726 /* Frameworks */ = {
			isa = PBXFrameworksBuildPhase;
			buildActionMask = 2147483647;
			files = (
			);
			runOnlyForDeploymentPostprocessing = 0;
		};
		E504AACB2BF2C0660020C726 /* Frameworks */ = {
			isa = PBXFrameworksBuildPhase;
			buildActionMask = 2147483647;
			files = (
			);
			runOnlyForDeploymentPostprocessing = 0;
		};
/* End PBXFrameworksBuildPhase section */

/* Begin PBXGroup section */
		E504AAAA2BF2C0630020C726 = {
			isa = PBXGroup;
			children = (
				E504AAB52BF2C0630020C726 /* rte7 */,
				E504AAC72BF2C0660020C726 /* rte7Tests */,
				E504AAD12BF2C0660020C726 /* rte7UITests */,
				E504AAB42BF2C0630020C726 /* Products */,
			);
			sourceTree = "<group>";
		};
		E504AAB42BF2C0630020C726 /* Products */ = {
			isa = PBXGroup;
			children = (
				E504AAB32BF2C0630020C726 /* KitKat.app */,
				E504AAC42BF2C0660020C726 /* rte7Tests.xctest */,
				E504AACE2BF2C0660020C726 /* rte7UITests.xctest */,
			);
			name = Products;
			sourceTree = "<group>";
		};
		E504AAB52BF2C0630020C726 /* rte7 */ = {
			isa = PBXGroup;
			children = (
				E504AAB62BF2C0630020C726 /* rte7App.swift */,
				E5DA93FF2C0A5B5C001DA56C /* Model */,
				E54F4F212C2B8872004D3740 /* Utils */,
				E504AAB82BF2C0630020C726 /* ContentView.swift */,
				E504AABA2BF2C0650020C726 /* Assets.xcassets */,
				E504AABF2BF2C0650020C726 /* rte7.entitlements */,
				E504AABC2BF2C0650020C726 /* Preview Content */,
				E54F4F242C2CCAB4004D3740 /* WindowController.swift */,
				E55A44CC2C7CF8E100BC3A3F /* BreakWindow.swift */,
				E581F7382C7FBC1F00531FDA /* QuoteViewModel.swift */,
			);
			path = rte7;
			sourceTree = "<group>";
		};
		E504AABC2BF2C0650020C726 /* Preview Content */ = {
			isa = PBXGroup;
			children = (
				E504AABD2BF2C0650020C726 /* Preview Assets.xcassets */,
			);
			path = "Preview Content";
			sourceTree = "<group>";
		};
		E504AAC72BF2C0660020C726 /* rte7Tests */ = {
			isa = PBXGroup;
			children = (
				E504AAC82BF2C0660020C726 /* rte7Tests.swift */,
			);
			path = rte7Tests;
			sourceTree = "<group>";
		};
		E504AAD12BF2C0660020C726 /* rte7UITests */ = {
			isa = PBXGroup;
			children = (
				E504AAD22BF2C0660020C726 /* rte7UITests.swift */,
				E504AAD42BF2C0660020C726 /* rte7UITestsLaunchTests.swift */,
			);
			path = rte7UITests;
			sourceTree = "<group>";
		};
		E54F4F212C2B8872004D3740 /* Utils */ = {
			isa = PBXGroup;
			children = (
				E54F4F222C2B8884004D3740 /* Logger.swift */,
				E57365342C75D22E00409559 /* RESTAPIClient.swift */,
			);
			path = Utils;
			sourceTree = "<group>";
		};
		E5DA93FF2C0A5B5C001DA56C /* Model */ = {
			isa = PBXGroup;
			children = (
				E5CAB0262C13B8AB00622591 /* Break.swift */,
				E53596142C0F9CAE002CEC50 /* GlobalEventMonitor.swift */,
				E5CAB0282C1B6A6E00622591 /* CountDownTimer.swift */,
				E5CAB02A2C1B780600622591 /* MyDelegate.swift */,
			);
			path = Model;
			sourceTree = "<group>";
		};
/* End PBXGroup section */

/* Begin PBXNativeTarget section */
		E504AAB22BF2C0630020C726 /* rte7 */ = {
			isa = PBXNativeTarget;
			buildConfigurationList = E504AAD82BF2C0660020C726 /* Build configuration list for PBXNativeTarget "rte7" */;
			buildPhases = (
				E504AAAF2BF2C0630020C726 /* Sources */,
				E504AAB02BF2C0630020C726 /* Frameworks */,
				E504AAB12BF2C0630020C726 /* Resources */,
			);
			buildRules = (
			);
			dependencies = (
			);
			name = rte7;
			productName = rte7;
			productReference = E504AAB32BF2C0630020C726 /* KitKat.app */;
			productType = "com.apple.product-type.application";
		};
		E504AAC32BF2C0660020C726 /* rte7Tests */ = {
			isa = PBXNativeTarget;
			buildConfigurationList = E504AADB2BF2C0660020C726 /* Build configuration list for PBXNativeTarget "rte7Tests" */;
			buildPhases = (
				E504AAC02BF2C0660020C726 /* Sources */,
				E504AAC12BF2C0660020C726 /* Frameworks */,
				E504AAC22BF2C0660020C726 /* Resources */,
			);
			buildRules = (
			);
			dependencies = (
				E504AAC62BF2C0660020C726 /* PBXTargetDependency */,
			);
			name = rte7Tests;
			productName = rte7Tests;
			productReference = E504AAC42BF2C0660020C726 /* rte7Tests.xctest */;
			productType = "com.apple.product-type.bundle.unit-test";
		};
		E504AACD2BF2C0660020C726 /* rte7UITests */ = {
			isa = PBXNativeTarget;
			buildConfigurationList = E504AADE2BF2C0660020C726 /* Build configuration list for PBXNativeTarget "rte7UITests" */;
			buildPhases = (
				E504AACA2BF2C0660020C726 /* Sources */,
				E504AACB2BF2C0660020C726 /* Frameworks */,
				E504AACC2BF2C0660020C726 /* Resources */,
			);
			buildRules = (
			);
			dependencies = (
				E504AAD02BF2C0660020C726 /* PBXTargetDependency */,
			);
			name = rte7UITests;
			productName = rte7UITests;
			productReference = E504AACE2BF2C0660020C726 /* rte7UITests.xctest */;
			productType = "com.apple.product-type.bundle.ui-testing";
		};
/* End PBXNativeTarget section */

/* Begin PBXProject section */
		E504AAAB2BF2C0630020C726 /* Project object */ = {
			isa = PBXProject;
			attributes = {
				BuildIndependentTargetsInParallel = 1;
				LastSwiftUpdateCheck = 1520;
				LastUpgradeCheck = 1520;
				TargetAttributes = {
					E504AAB22BF2C0630020C726 = {
						CreatedOnToolsVersion = 15.2;
					};
					E504AAC32BF2C0660020C726 = {
						CreatedOnToolsVersion = 15.2;
						TestTargetID = E504AAB22BF2C0630020C726;
					};
					E504AACD2BF2C0660020C726 = {
						CreatedOnToolsVersion = 15.2;
						TestTargetID = E504AAB22BF2C0630020C726;
					};
				};
			};
			buildConfigurationList = E504AAAE2BF2C0630020C726 /* Build configuration list for PBXProject "rte7" */;
			compatibilityVersion = "Xcode 14.0";
			developmentRegion = en;
			hasScannedForEncodings = 0;
			knownRegions = (
				en,
				Base,
			);
			mainGroup = E504AAAA2BF2C0630020C726;
			productRefGroup = E504AAB42BF2C0630020C726 /* Products */;
			projectDirPath = "";
			projectRoot = "";
			targets = (
				E504AAB22BF2C0630020C726 /* rte7 */,
				E504AAC32BF2C0660020C726 /* rte7Tests */,
				E504AACD2BF2C0660020C726 /* rte7UITests */,
			);
		};
/* End PBXProject section */

/* Begin PBXResourcesBuildPhase section */
		E504AAB12BF2C0630020C726 /* Resources */ = {
			isa = PBXResourcesBuildPhase;
			buildActionMask = 2147483647;
			files = (
				E504AABE2BF2C0650020C726 /* Preview Assets.xcassets in Resources */,
				E504AABB2BF2C0650020C726 /* Assets.xcassets in Resources */,
			);
			runOnlyForDeploymentPostprocessing = 0;
		};
		E504AAC22BF2C0660020C726 /* Resources */ = {
			isa = PBXResourcesBuildPhase;
			buildActionMask = 2147483647;
			files = (
			);
			runOnlyForDeploymentPostprocessing = 0;
		};
		E504AACC2BF2C0660020C726 /* Resources */ = {
			isa = PBXResourcesBuildPhase;
			buildActionMask = 2147483647;
			files = (
			);
			runOnlyForDeploymentPostprocessing = 0;
		};
/* End PBXResourcesBuildPhase section */

/* Begin PBXSourcesBuildPhase section */
		E504AAAF2BF2C0630020C726 /* Sources */ = {
			isa = PBXSourcesBuildPhase;
			buildActionMask = 2147483647;
			files = (
				E55A44CD2C7CF8E100BC3A3F /* BreakWindow.swift in Sources */,
				E504AAB92BF2C0630020C726 /* ContentView.swift in Sources */,
				E5CAB0272C13B8AB00622591 /* Break.swift in Sources */,
				E5CAB02B2C1B780600622591 /* MyDelegate.swift in Sources */,
				E53596152C0F9CAE002CEC50 /* GlobalEventMonitor.swift in Sources */,
				E581F7392C7FBC1F00531FDA /* QuoteViewModel.swift in Sources */,
				E5CAB0292C1B6A6E00622591 /* CountDownTimer.swift in Sources */,
				E54F4F252C2CCAB4004D3740 /* WindowController.swift in Sources */,
				E54F4F232C2B8884004D3740 /* Logger.swift in Sources */,
				E504AAB72BF2C0630020C726 /* rte7App.swift in Sources */,
				E57365352C75D22E00409559 /* RESTAPIClient.swift in Sources */,
			);
			runOnlyForDeploymentPostprocessing = 0;
		};
		E504AAC02BF2C0660020C726 /* Sources */ = {
			isa = PBXSourcesBuildPhase;
			buildActionMask = 2147483647;
			files = (
				E504AAC92BF2C0660020C726 /* rte7Tests.swift in Sources */,
			);
			runOnlyForDeploymentPostprocessing = 0;
		};
		E504AACA2BF2C0660020C726 /* Sources */ = {
			isa = PBXSourcesBuildPhase;
			buildActionMask = 2147483647;
			files = (
				E504AAD52BF2C0660020C726 /* rte7UITestsLaunchTests.swift in Sources */,
				E504AAD32BF2C0660020C726 /* rte7UITests.swift in Sources */,
			);
			runOnlyForDeploymentPostprocessing = 0;
		};
/* End PBXSourcesBuildPhase section */

/* Begin PBXTargetDependency section */
		E504AAC62BF2C0660020C726 /* PBXTargetDependency */ = {
			isa = PBXTargetDependency;
			target = E504AAB22BF2C0630020C726 /* rte7 */;
			targetProxy = E504AAC52BF2C0660020C726 /* PBXContainerItemProxy */;
		};
		E504AAD02BF2C0660020C726 /* PBXTargetDependency */ = {
			isa = PBXTargetDependency;
			target = E504AAB22BF2C0630020C726 /* rte7 */;
			targetProxy = E504AACF2BF2C0660020C726 /* PBXContainerItemProxy */;
		};
/* End PBXTargetDependency section */

/* Begin XCBuildConfiguration section */
		E504AAD62BF2C0660020C726 /* Debug */ = {
			isa = XCBuildConfiguration;
			buildSettings = {
				ALWAYS_SEARCH_USER_PATHS = NO;
				ASSETCATALOG_COMPILER_GENERATE_SWIFT_ASSET_SYMBOL_EXTENSIONS = YES;
				CLANG_ADDRESS_SANITIZER_CONTAINER_OVERFLOW = YES;
				CLANG_ANALYZER_NONNULL = YES;
				CLANG_ANALYZER_NUMBER_OBJECT_CONVERSION = YES_AGGRESSIVE;
				CLANG_CXX_LANGUAGE_STANDARD = "gnu++20";
				CLANG_ENABLE_MODULES = YES;
				CLANG_ENABLE_OBJC_ARC = YES;
				CLANG_ENABLE_OBJC_WEAK = YES;
				CLANG_UNDEFINED_BEHAVIOR_SANITIZER_INTEGER = YES;
				CLANG_UNDEFINED_BEHAVIOR_SANITIZER_NULLABILITY = YES;
				CLANG_WARN_BLOCK_CAPTURE_AUTORELEASING = YES;
				CLANG_WARN_BOOL_CONVERSION = YES;
				CLANG_WARN_COMMA = YES;
				CLANG_WARN_CONSTANT_CONVERSION = YES;
				CLANG_WARN_DEPRECATED_OBJC_IMPLEMENTATIONS = YES;
				CLANG_WARN_DIRECT_OBJC_ISA_USAGE = YES_ERROR;
				CLANG_WARN_DOCUMENTATION_COMMENTS = YES;
				CLANG_WARN_EMPTY_BODY = YES;
				CLANG_WARN_ENUM_CONVERSION = YES;
				CLANG_WARN_INFINITE_RECURSION = YES;
				CLANG_WARN_INT_CONVERSION = YES;
				CLANG_WARN_NON_LITERAL_NULL_CONVERSION = YES;
				CLANG_WARN_OBJC_IMPLICIT_RETAIN_SELF = YES;
				CLANG_WARN_OBJC_LITERAL_CONVERSION = YES;
				CLANG_WARN_OBJC_ROOT_CLASS = YES_ERROR;
				CLANG_WARN_QUOTED_INCLUDE_IN_FRAMEWORK_HEADER = YES;
				CLANG_WARN_RANGE_LOOP_ANALYSIS = YES;
				CLANG_WARN_STRICT_PROTOTYPES = YES;
				CLANG_WARN_SUSPICIOUS_MOVE = YES;
				CLANG_WARN_UNGUARDED_AVAILABILITY = YES_AGGRESSIVE;
				CLANG_WARN_UNREACHABLE_CODE = YES;
				CLANG_WARN__DUPLICATE_METHOD_MATCH = YES;
				COPY_PHASE_STRIP = NO;
				DEBUG_INFORMATION_FORMAT = dwarf;
				ENABLE_STRICT_OBJC_MSGSEND = YES;
				ENABLE_TESTABILITY = YES;
				ENABLE_USER_SCRIPT_SANDBOXING = YES;
				GCC_C_LANGUAGE_STANDARD = gnu17;
				GCC_DYNAMIC_NO_PIC = NO;
				GCC_NO_COMMON_BLOCKS = YES;
				GCC_OPTIMIZATION_LEVEL = 0;
				GCC_PREPROCESSOR_DEFINITIONS = (
					"DEBUG=1",
					"$(inherited)",
				);
				GCC_WARN_64_TO_32_BIT_CONVERSION = YES;
				GCC_WARN_ABOUT_RETURN_TYPE = YES_ERROR;
				GCC_WARN_UNDECLARED_SELECTOR = YES;
				GCC_WARN_UNINITIALIZED_AUTOS = YES_AGGRESSIVE;
				GCC_WARN_UNUSED_FUNCTION = YES;
				GCC_WARN_UNUSED_VARIABLE = YES;
				INFOPLIST_KEY_CFBundleDisplayName = KitKat;
				INFOPLIST_KEY_NSPrincipalClass = rte7App;
				LOCALIZATION_PREFERS_STRING_CATALOGS = YES;
				MACOSX_DEPLOYMENT_TARGET = 14.2;
				MTL_ENABLE_DEBUG_INFO = INCLUDE_SOURCE;
				MTL_FAST_MATH = YES;
				ONLY_ACTIVE_ARCH = YES;
				SDKROOT = macosx;
				SWIFT_ACTIVE_COMPILATION_CONDITIONS = "DEBUG $(inherited)";
				SWIFT_OPTIMIZATION_LEVEL = "-Onone";
			};
			name = Debug;
		};
		E504AAD72BF2C0660020C726 /* Release */ = {
			isa = XCBuildConfiguration;
			buildSettings = {
				ALWAYS_SEARCH_USER_PATHS = NO;
				ASSETCATALOG_COMPILER_GENERATE_SWIFT_ASSET_SYMBOL_EXTENSIONS = YES;
				CLANG_ADDRESS_SANITIZER_CONTAINER_OVERFLOW = YES;
				CLANG_ANALYZER_NONNULL = YES;
				CLANG_ANALYZER_NUMBER_OBJECT_CONVERSION = YES_AGGRESSIVE;
				CLANG_CXX_LANGUAGE_STANDARD = "gnu++20";
				CLANG_ENABLE_MODULES = YES;
				CLANG_ENABLE_OBJC_ARC = YES;
				CLANG_ENABLE_OBJC_WEAK = YES;
				CLANG_UNDEFINED_BEHAVIOR_SANITIZER_INTEGER = YES;
				CLANG_UNDEFINED_BEHAVIOR_SANITIZER_NULLABILITY = YES;
				CLANG_WARN_BLOCK_CAPTURE_AUTORELEASING = YES;
				CLANG_WARN_BOOL_CONVERSION = YES;
				CLANG_WARN_COMMA = YES;
				CLANG_WARN_CONSTANT_CONVERSION = YES;
				CLANG_WARN_DEPRECATED_OBJC_IMPLEMENTATIONS = YES;
				CLANG_WARN_DIRECT_OBJC_ISA_USAGE = YES_ERROR;
				CLANG_WARN_DOCUMENTATION_COMMENTS = YES;
				CLANG_WARN_EMPTY_BODY = YES;
				CLANG_WARN_ENUM_CONVERSION = YES;
				CLANG_WARN_INFINITE_RECURSION = YES;
				CLANG_WARN_INT_CONVERSION = YES;
				CLANG_WARN_NON_LITERAL_NULL_CONVERSION = YES;
				CLANG_WARN_OBJC_IMPLICIT_RETAIN_SELF = YES;
				CLANG_WARN_OBJC_LITERAL_CONVERSION = YES;
				CLANG_WARN_OBJC_ROOT_CLASS = YES_ERROR;
				CLANG_WARN_QUOTED_INCLUDE_IN_FRAMEWORK_HEADER = YES;
				CLANG_WARN_RANGE_LOOP_ANALYSIS = YES;
				CLANG_WARN_STRICT_PROTOTYPES = YES;
				CLANG_WARN_SUSPICIOUS_MOVE = YES;
				CLANG_WARN_UNGUARDED_AVAILABILITY = YES_AGGRESSIVE;
				CLANG_WARN_UNREACHABLE_CODE = YES;
				CLANG_WARN__DUPLICATE_METHOD_MATCH = YES;
				COPY_PHASE_STRIP = NO;
				DEBUG_INFORMATION_FORMAT = "dwarf-with-dsym";
				ENABLE_NS_ASSERTIONS = NO;
				ENABLE_STRICT_OBJC_MSGSEND = YES;
				ENABLE_USER_SCRIPT_SANDBOXING = YES;
				GCC_C_LANGUAGE_STANDARD = gnu17;
				GCC_NO_COMMON_BLOCKS = YES;
				GCC_WARN_64_TO_32_BIT_CONVERSION = YES;
				GCC_WARN_ABOUT_RETURN_TYPE = YES_ERROR;
				GCC_WARN_UNDECLARED_SELECTOR = YES;
				GCC_WARN_UNINITIALIZED_AUTOS = YES_AGGRESSIVE;
				GCC_WARN_UNUSED_FUNCTION = YES;
				GCC_WARN_UNUSED_VARIABLE = YES;
				INFOPLIST_KEY_CFBundleDisplayName = KitKat;
				INFOPLIST_KEY_NSPrincipalClass = rte7App;
				LOCALIZATION_PREFERS_STRING_CATALOGS = YES;
				MACOSX_DEPLOYMENT_TARGET = 14.2;
				MTL_ENABLE_DEBUG_INFO = NO;
				MTL_FAST_MATH = YES;
				SDKROOT = macosx;
				SWIFT_COMPILATION_MODE = wholemodule;
			};
			name = Release;
		};
		E504AAD92BF2C0660020C726 /* Debug */ = {
			isa = XCBuildConfiguration;
			buildSettings = {
				ASSETCATALOG_COMPILER_APPICON_NAME = AppIcon;
				ASSETCATALOG_COMPILER_GLOBAL_ACCENT_COLOR_NAME = AccentColor;
				ASSETCATALOG_COMPILER_INCLUDE_ALL_APPICON_ASSETS = YES;
				CODE_SIGN_ENTITLEMENTS = rte7/rte7.entitlements;
				CODE_SIGN_STYLE = Automatic;
				COMBINE_HIDPI_IMAGES = YES;
				CURRENT_PROJECT_VERSION = 1;
				DEVELOPMENT_ASSET_PATHS = "\"rte7/Preview Content\"";
				ENABLE_PREVIEWS = YES;
				GENERATE_INFOPLIST_FILE = YES;
				INFOPLIST_KEY_NSHumanReadableCopyright = "";
				INFOPLIST_KEY_NSPrincipalClass = NSApplication;
				LD_RUNPATH_SEARCH_PATHS = (
					"$(inherited)",
					"@executable_path/../Frameworks",
				);
				MARKETING_VERSION = 1.0;
				PRODUCT_BUNDLE_IDENTIFIER = com.boushar.rte7;
				PRODUCT_NAME = KitKat;
				SWIFT_EMIT_LOC_STRINGS = YES;
				SWIFT_VERSION = 5.0;
			};
			name = Debug;
		};
		E504AADA2BF2C0660020C726 /* Release */ = {
			isa = XCBuildConfiguration;
			buildSettings = {
				ASSETCATALOG_COMPILER_APPICON_NAME = AppIcon;
				ASSETCATALOG_COMPILER_GLOBAL_ACCENT_COLOR_NAME = AccentColor;
				ASSETCATALOG_COMPILER_INCLUDE_ALL_APPICON_ASSETS = YES;
				CODE_SIGN_ENTITLEMENTS = rte7/rte7.entitlements;
				CODE_SIGN_STYLE = Automatic;
				COMBINE_HIDPI_IMAGES = YES;
				CURRENT_PROJECT_VERSION = 1;
				DEVELOPMENT_ASSET_PATHS = "\"rte7/Preview Content\"";
				ENABLE_PREVIEWS = YES;
				GENERATE_INFOPLIST_FILE = YES;
				INFOPLIST_KEY_NSHumanReadableCopyright = "";
				INFOPLIST_KEY_NSPrincipalClass = NSApplication;
				LD_RUNPATH_SEARCH_PATHS = (
					"$(inherited)",
					"@executable_path/../Frameworks",
				);
				MARKETING_VERSION = 1.0;
				PRODUCT_BUNDLE_IDENTIFIER = com.boushar.rte7;
				PRODUCT_NAME = KitKat;
				SWIFT_EMIT_LOC_STRINGS = YES;
				SWIFT_VERSION = 5.0;
			};
			name = Release;
		};
		E504AADC2BF2C0660020C726 /* Debug */ = {
			isa = XCBuildConfiguration;
			buildSettings = {
				ALWAYS_EMBED_SWIFT_STANDARD_LIBRARIES = YES;
				BUNDLE_LOADER = "$(TEST_HOST)";
				CODE_SIGN_STYLE = Automatic;
				CURRENT_PROJECT_VERSION = 1;
				GENERATE_INFOPLIST_FILE = YES;
				MACOSX_DEPLOYMENT_TARGET = 14.2;
				MARKETING_VERSION = 1.0;
				PRODUCT_BUNDLE_IDENTIFIER = com.boushar.rte7Tests;
				PRODUCT_NAME = "$(TARGET_NAME)";
				SWIFT_EMIT_LOC_STRINGS = NO;
				SWIFT_VERSION = 5.0;
				TEST_HOST = "$(BUILT_PRODUCTS_DIR)/rte7.app/$(BUNDLE_EXECUTABLE_FOLDER_PATH)/rte7";
			};
			name = Debug;
		};
		E504AADD2BF2C0660020C726 /* Release */ = {
			isa = XCBuildConfiguration;
			buildSettings = {
				ALWAYS_EMBED_SWIFT_STANDARD_LIBRARIES = YES;
				BUNDLE_LOADER = "$(TEST_HOST)";
				CODE_SIGN_STYLE = Automatic;
				CURRENT_PROJECT_VERSION = 1;
				GENERATE_INFOPLIST_FILE = YES;
				MACOSX_DEPLOYMENT_TARGET = 14.2;
				MARKETING_VERSION = 1.0;
				PRODUCT_BUNDLE_IDENTIFIER = com.boushar.rte7Tests;
				PRODUCT_NAME = "$(TARGET_NAME)";
				SWIFT_EMIT_LOC_STRINGS = NO;
				SWIFT_VERSION = 5.0;
				TEST_HOST = "$(BUILT_PRODUCTS_DIR)/rte7.app/$(BUNDLE_EXECUTABLE_FOLDER_PATH)/rte7";
			};
			name = Release;
		};
		E504AADF2BF2C0660020C726 /* Debug */ = {
			isa = XCBuildConfiguration;
			buildSettings = {
				ALWAYS_EMBED_SWIFT_STANDARD_LIBRARIES = YES;
				CODE_SIGN_STYLE = Automatic;
				CURRENT_PROJECT_VERSION = 1;
				GENERATE_INFOPLIST_FILE = YES;
				MARKETING_VERSION = 1.0;
				PRODUCT_BUNDLE_IDENTIFIER = com.boushar.rte7UITests;
				PRODUCT_NAME = "$(TARGET_NAME)";
				SWIFT_EMIT_LOC_STRINGS = NO;
				SWIFT_VERSION = 5.0;
				TEST_TARGET_NAME = rte7;
			};
			name = Debug;
		};
		E504AAE02BF2C0660020C726 /* Release */ = {
			isa = XCBuildConfiguration;
			buildSettings = {
				ALWAYS_EMBED_SWIFT_STANDARD_LIBRARIES = YES;
				CODE_SIGN_STYLE = Automatic;
				CURRENT_PROJECT_VERSION = 1;
				GENERATE_INFOPLIST_FILE = YES;
				MARKETING_VERSION = 1.0;
				PRODUCT_BUNDLE_IDENTIFIER = com.boushar.rte7UITests;
				PRODUCT_NAME = "$(TARGET_NAME)";
				SWIFT_EMIT_LOC_STRINGS = NO;
				SWIFT_VERSION = 5.0;
				TEST_TARGET_NAME = rte7;
			};
			name = Release;
		};
/* End XCBuildConfiguration section */

/* Begin XCConfigurationList section */
		E504AAAE2BF2C0630020C726 /* Build configuration list for PBXProject "rte7" */ = {
			isa = XCConfigurationList;
			buildConfigurations = (
				E504AAD62BF2C0660020C726 /* Debug */,
				E504AAD72BF2C0660020C726 /* Release */,
			);
			defaultConfigurationIsVisible = 0;
			defaultConfigurationName = Release;
		};
		E504AAD82BF2C0660020C726 /* Build configuration list for PBXNativeTarget "rte7" */ = {
			isa = XCConfigurationList;
			buildConfigurations = (
				E504AAD92BF2C0660020C726 /* Debug */,
				E504AADA2BF2C0660020C726 /* Release */,
			);
			defaultConfigurationIsVisible = 0;
			defaultConfigurationName = Release;
		};
		E504AADB2BF2C0660020C726 /* Build configuration list for PBXNativeTarget "rte7Tests" */ = {
			isa = XCConfigurationList;
			buildConfigurations = (
				E504AADC2BF2C0660020C726 /* Debug */,
				E504AADD2BF2C0660020C726 /* Release */,
			);
			defaultConfigurationIsVisible = 0;
			defaultConfigurationName = Release;
		};
		E504AADE2BF2C0660020C726 /* Build configuration list for PBXNativeTarget "rte7UITests" */ = {
			isa = XCConfigurationList;
			buildConfigurations = (
				E504AADF2BF2C0660020C726 /* Debug */,
				E504AAE02BF2C0660020C726 /* Release */,
			);
			defaultConfigurationIsVisible = 0;
			defaultConfigurationName = Release;
		};
/* End XCConfigurationList section */
	};
	rootObject = E504AAAB2BF2C0630020C726 /* Project object */;
}
